<?xml version="1.0" encoding="utf-8"?>
<Project ToolsVersion="4.0" xmlns="http://schemas.microsoft.com/developer/msbuild/2003">
  <ItemGroup>
    <Filter Include="Header Files">
      <UniqueIdentifier>{994e0aa7-c5bf-4f55-bf78-440bf7fa017d}</UniqueIdentifier>
    </Filter>
    <Filter Include="Source Files">
      <UniqueIdentifier>{41a74a66-f978-43e6-9110-ea7d24cbd991}</UniqueIdentifier>
    </Filter>
  </ItemGroup>
  <ItemGroup>
    <ClInclude Include="demo.h">
      <Filter>Header Files</Filter>
    </ClInclude>
    <ClInclude Include="democollection.h">
      <Filter>Header Files</Filter>
    </ClInclude>
  </ItemGroup>
  <ItemGroup>
    <ClCompile Include="bardemos.cpp">
      <Filter>Source Files</Filter>
    </ClCompile>
    <ClCompile Include="bubbledemos.cpp">
      <Filter>Source Files</Filter>
    </ClCompile>
    <ClCompile Include="combinedaxisdemos.cpp">
      <Filter>Source Files</Filter>
    </ClCompile>
    <ClCompile Include="demo.cpp">
      <Filter>Source Files</Filter>
    </ClCompile>
    <ClCompile Include="democollection.cpp">
      <Filter>Source Files</Filter>
    </ClCompile>
    <ClCompile Include="ganttdemos.cpp">
      <Filter>Source Files</Filter>
    </ClCompile>
    <ClCompile Include="markersdemos.cpp">
      <Filter>Source Files</Filter>
    </ClCompile>
    <ClCompile Include="multipleaxisdemos.cpp">
      <Filter>Source Files</Filter>
    </ClCompile>
    <ClCompile Include="ohlcdemos.cpp">
      <Filter>Source Files</Filter>
    </ClCompile>
    <ClCompile Include="pieplotdemos.cpp">
      <Filter>Source Files</Filter>
    </ClCompile>
    <ClCompile Include="timeseriesdemos.cpp">
      <Filter>Source Files</Filter>
    </ClCompile>
    <ClCompile Include="titledemos.cpp">
      <Filter>Source Files</Filter>
    </ClCompile>
    <ClCompile Include="xydemos.cpp">
      <Filter>Source Files</Filter>
    </ClCompile>
  </ItemGroup>
</Project>